// !$*UTF8*$!
{
	archiveVersion = 1;
	classes = {
	};
	objectVersion = 46;
	objects = {

/* Begin PBXBuildFile section */
		BCF5C4D71D1BE1D2001FDA6F /* main.m in Sources */ = {isa = PBXBuildFile; fileRef = BCF5C4D61D1BE1D2001FDA6F /* main.m */; };
		BCF5C4DA1D1BE1D2001FDA6F /* AppDelegate.m in Sources */ = {isa = PBXBuildFile; fileRef = BCF5C4D91D1BE1D2001FDA6F /* AppDelegate.m */; };
		BCF5C4DD1D1BE1D2001FDA6F /* ViewController.m in Sources */ = {isa = PBXBuildFile; fileRef = BCF5C4DC1D1BE1D2001FDA6F /* ViewController.m */; };
		BCF5C4E01D1BE1D2001FDA6F /* Main.storyboard in Resources */ = {isa = PBXBuildFile; fileRef = BCF5C4DE1D1BE1D2001FDA6F /* Main.storyboard */; };
		BCF5C4E21D1BE1D2001FDA6F /* Assets.xcassets in Resources */ = {isa = PBXBuildFile; fileRef = BCF5C4E11D1BE1D2001FDA6F /* Assets.xcassets */; };
		BCF5C4E51D1BE1D2001FDA6F /* LaunchScreen.storyboard in Resources */ = {isa = PBXBuildFile; fileRef = BCF5C4E31D1BE1D2001FDA6F /* LaunchScreen.storyboard */; };
/* End PBXBuildFile section */

/* Begin PBXFileReference section */
		BCF5C4D21D1BE1D2001FDA6F /* HelloWorld.app */ = {isa = PBXFileReference; explicitFileType = wrapper.application; includeInIndex = 0; path = HelloWorld.app; sourceTree = BUILT_PRODUCTS_DIR; };
		BCF5C4D61D1BE1D2001FDA6F /* main.m */ = {isa = PBXFileReference; lastKnownFileType = sourcecode.c.objc; path = main.m; sourceTree = "<group>"; };
		BCF5C4D81D1BE1D2001FDA6F /* AppDelegate.h */ = {isa = PBXFileReference; lastKnownFileType = sourcecode.c.h; path = AppDelegate.h; sourceTree = "<group>"; };
		BCF5C4D91D1BE1D2001FDA6F /* AppDelegate.m */ = {isa = PBXFileReference; lastKnownFileType = sourcecode.c.objc; path = AppDelegate.m; sourceTree = "<group>"; };
		BCF5C4DB1D1BE1D2001FDA6F /* ViewController.h */ = {isa = PBXFileReference; lastKnownFileType = sourcecode.c.h; path = ViewController.h; sourceTree = "<group>"; };
		BCF5C4DC1D1BE1D2001FDA6F /* ViewController.m */ = {isa = PBXFileReference; lastKnownFileType = sourcecode.c.objc; path = ViewController.m; sourceTree = "<group>"; };
		BCF5C4DF1D1BE1D2001FDA6F /* Base */ = {isa = PBXFileReference; lastKnownFileType = file.storyboard; name = Base; path = Base.lproj/Main.storyboard; sourceTree = "<group>"; };
		BCF5C4E11D1BE1D2001FDA6F /* Assets.xcassets */ = {isa = PBXFileReference; lastKnownFileType = folder.assetcatalog; path = Assets.xcassets; sourceTree = "<group>"; };
		BCF5C4E41D1BE1D2001FDA6F /* Base */ = {isa = PBXFileReference; lastKnownFileType = file.storyboard; name = Base; path = Base.lproj/LaunchScreen.storyboard; sourceTree = "<group>"; };
		BCF5C4E61D1BE1D2001FDA6F /* Info.plist */ = {isa = PBXFileReference; lastKnownFileType = text.plist.xml; path = Info.plist; sourceTree = "<group>"; };
/* End PBXFileReference section */

/* Begin PBXFrameworksBuildPhase section */
		BCF5C4CF1D1BE1D2001FDA6F /* Frameworks */ = {
			isa = PBXFrameworksBuildPhase;
			buildActionMask = 2147483647;
			files = (
			);
			runOnlyForDeploymentPostprocessing = 0;
		};
/* End PBXFrameworksBuildPhase section */

/* Begin PBXGroup section */
		BCF5C4C91D1BE1D2001FDA6F = {
			isa = PBXGroup;
			children = (
				BCF5C4D41D1BE1D2001FDA6F /* HelloWorld */,
				BCF5C4D31D1BE1D2001FDA6F /* Products */,
			);
			sourceTree = "<group>";
		};
		BCF5C4D31D1BE1D2001FDA6F /* Products */ = {
			isa = PBXGroup;
			children = (
				BCF5C4D21D1BE1D2001FDA6F /* HelloWorld.app */,
			);
			name = Products;
			sourceTree = "<group>";
		};
		BCF5C4D41D1BE1D2001FDA6F /* HelloWorld */ = {
			isa = PBXGroup;
			children = (
				BCF5C4D81D1BE1D2001FDA6F /* AppDelegate.h */,
				BCF5C4D91D1BE1D2001FDA6F /* AppDelegate.m */,
				BCF5C4DB1D1BE1D2001FDA6F /* ViewController.h */,
				BCF5C4DC1D1BE1D2001FDA6F /* ViewController.m */,
				BCF5C4DE1D1BE1D2001FDA6F /* Main.storyboard */,
				BCF5C4E11D1BE1D2001FDA6F /* Assets.xcassets */,
				BCF5C4E31D1BE1D2001FDA6F /* LaunchScreen.storyboard */,
				BCF5C4E61D1BE1D2001FDA6F /* Info.plist */,
				BCF5C4D51D1BE1D2001FDA6F /* Supporting Files */,
			);
			path = HelloWorld;
			sourceTree = "<group>";
		};
		BCF5C4D51D1BE1D2001FDA6F /* Supporting Files */ = {
			isa = PBXGroup;
			children = (
				BCF5C4D61D1BE1D2001FDA6F /* main.m */,
			);
			name = "Supporting Files";
			sourceTree = "<group>";
		};
/* End PBXGroup section */

/* Begin PBXNativeTarget section */
		BCF5C4D11D1BE1D2001FDA6F /* HelloWorld */ = {
			isa = PBXNativeTarget;
			buildConfigurationList = BCF5C4E91D1BE1D2001FDA6F /* Build configuration list for PBXNativeTarget "HelloWorld" */;
			buildPhases = (
				BCF5C4CE1D1BE1D2001FDA6F /* Sources */,
				BCF5C4CF1D1BE1D2001FDA6F /* Frameworks */,
				BCF5C4D01D1BE1D2001FDA6F /* Resources */,
			);
			buildRules = (
			);
			dependencies = (
			);
			name = HelloWorld;
			productName = HelloWorld;
			productReference = BCF5C4D21D1BE1D2001FDA6F /* HelloWorld.app */;
			productType = "com.apple.product-type.application";
		};
/* End PBXNativeTarget section */

/* Begin PBXProject section */
		BCF5C4CA1D1BE1D2001FDA6F /* Project object */ = {
			isa = PBXProject;
			attributes = {
				LastUpgradeCheck = 0720;
				ORGANIZATIONNAME = pioneer;
				TargetAttributes = {
					BCF5C4D11D1BE1D2001FDA6F = {
						CreatedOnToolsVersion = 7.2;
						DevelopmentTeam = 34RN55TNXR;
					};
				};
			};
			buildConfigurationList = BCF5C4CD1D1BE1D2001FDA6F /* Build configuration list for PBXProject "HelloWorld" */;
			compatibilityVersion = "Xcode 3.2";
			developmentRegion = English;
			hasScannedForEncodings = 0;
			knownRegions = (
				en,
				Base,
			);
			mainGroup = BCF5C4C91D1BE1D2001FDA6F;
			productRefGroup = BCF5C4D31D1BE1D2001FDA6F /* Products */;
			projectDirPath = "";
			projectRoot = "";
			targets = (
				BCF5C4D11D1BE1D2001FDA6F /* HelloWorld */,
			);
		};
/* End PBXProject section */

/* Begin PBXResourcesBuildPhase section */
		BCF5C4D01D1BE1D2001FDA6F /* Resources */ = {
			isa = PBXResourcesBuildPhase;
			buildActionMask = 2147483647;
			files = (
				BCF5C4E51D1BE1D2001FDA6F /* LaunchScreen.storyboard in Resources */,
				BCF5C4E21D1BE1D2001FDA6F /* Assets.xcassets in Resources */,
				BCF5C4E01D1BE1D2001FDA6F /* Main.storyboard in Resources */,
			);
			runOnlyForDeploymentPostprocessing = 0;
		};
/* End PBXResourcesBuildPhase section */

/* Begin PBXSourcesBuildPhase section */
		BCF5C4CE1D1BE1D2001FDA6F /* Sources */ = {
			isa = PBXSourcesBuildPhase;
			buildActionMask = 2147483647;
			files = (
				BCF5C4DD1D1BE1D2001FDA6F /* ViewController.m in Sources */,
				BCF5C4DA1D1BE1D2001FDA6F /* AppDelegate.m in Sources */,
				BCF5C4D71D1BE1D2001FDA6F /* main.m in Sources */,
			);
			runOnlyForDeploymentPostprocessing = 0;
		};
/* End PBXSourcesBuildPhase section */

/* Begin PBXVariantGroup section */
		BCF5C4DE1D1BE1D2001FDA6F /* Main.storyboard */ = {
			isa = PBXVariantGroup;
			children = (
				BCF5C4DF1D1BE1D2001FDA6F /* Base */,
			);
			name = Main.storyboard;
			sourceTree = "<group>";
		};
		BCF5C4E31D1BE1D2001FDA6F /* LaunchScreen.storyboard */ = {
			isa = PBXVariantGroup;
			children = (
				BCF5C4E41D1BE1D2001FDA6F /* Base */,
			);
			name = LaunchScreen.storyboard;
			sourceTree = "<group>";
		};
/* End PBXVariantGroup section */

/* Begin XCBuildConfiguration section */
		BCF5C4E71D1BE1D2001FDA6F /* Debug */ = {
			isa = XCBuildConfiguration;
			buildSettings = {
				ALWAYS_SEARCH_USER_PATHS = NO;
				CLANG_CXX_LANGUAGE_STANDARD = "gnu++0x";
				CLANG_CXX_LIBRARY = "libc++";
				CLANG_ENABLE_MODULES = YES;
				CLANG_ENABLE_OBJC_ARC = YES;
				CLANG_WARN_BOOL_CONVERSION = YES;
				CLANG_WARN_CONSTANT_CONVERSION = YES;
				CLANG_WARN_DIRECT_OBJC_ISA_USAGE = YES_ERROR;
				CLANG_WARN_EMPTY_BODY = YES;
				CLANG_WARN_ENUM_CONVERSION = YES;
				CLANG_WARN_INT_CONVERSION = YES;
				CLANG_WARN_OBJC_ROOT_CLASS = YES_ERROR;
				CLANG_WARN_UNREACHABLE_CODE = YES;
				CLANG_WARN__DUPLICATE_METHOD_MATCH = YES;
				"CODE_SIGN_IDENTITY[sdk=iphoneos*]" = "iPhone Developer";
				COPY_PHASE_STRIP = NO;
				DEBUG_INFORMATION_FORMAT = dwarf;
				ENABLE_STRICT_OBJC_MSGSEND = YES;
				ENABLE_TESTABILITY = YES;
				GCC_C_LANGUAGE_STANDARD = gnu99;
				GCC_DYNAMIC_NO_PIC = NO;
				GCC_NO_COMMON_BLOCKS = YES;
				GCC_OPTIMIZATION_LEVEL = 0;
				GCC_PREPROCESSOR_DEFINITIONS = (
					"DEBUG=1",
					"$(inherited)",
				);
				GCC_WARN_64_TO_32_BIT_CONVERSION = YES;
				GCC_WARN_ABOUT_RETURN_TYPE = YES_ERROR;
				GCC_WARN_UNDECLARED_SELECTOR = YES;
				GCC_WARN_UNINITIALIZED_AUTOS = YES_AGGRESSIVE;
				GCC_WARN_UNUSED_FUNCTION = YES;
				GCC_WARN_UNUSED_VARIABLE = YES;
				IPHONEOS_DEPLOYMENT_TARGET = 9.2;
				MTL_ENABLE_DEBUG_INFO = YES;
				ONLY_ACTIVE_ARCH = YES;
				SDKROOT = iphoneos;
			};
			name = Debug;
		};
		BCF5C4E81D1BE1D2001FDA6F /* Release */ = {
			isa = XCBuildConfiguration;
			buildSettings = {
				ALWAYS_SEARCH_USER_PATHS = NO;
				CLANG_CXX_LANGUAGE_STANDARD = "gnu++0x";
				CLANG_CXX_LIBRARY = "libc++";
				CLANG_ENABLE_MODULES = YES;
				CLANG_ENABLE_OBJC_ARC = YES;
				CLANG_WARN_BOOL_CONVERSION = YES;
				CLANG_WARN_CONSTANT_CONVERSION = YES;
				CLANG_WARN_DIRECT_OBJC_ISA_USAGE = YES_ERROR;
				CLANG_WARN_EMPTY_BODY = YES;
				CLANG_WARN_ENUM_CONVERSION = YES;
				CLANG_WARN_INT_CONVERSION = YES;
				CLANG_WARN_OBJC_ROOT_CLASS = YES_ERROR;
				CLANG_WARN_UNREACHABLE_CODE = YES;
				CLANG_WARN__DUPLICATE_METHOD_MATCH = YES;
				"CODE_SIGN_IDENTITY[sdk=iphoneos*]" = "iPhone Developer";
				COPY_PHASE_STRIP = NO;
				DEBUG_INFORMATION_FORMAT = "dwarf-with-dsym";
				ENABLE_NS_ASSERTIONS = NO;
				ENABLE_STRICT_OBJC_MSGSEND = YES;
				GCC_C_LANGUAGE_STANDARD = gnu99;
				GCC_NO_COMMON_BLOCKS = YES;
				GCC_WARN_64_TO_32_BIT_CONVERSION = YES;
				GCC_WARN_ABOUT_RETURN_TYPE = YES_ERROR;
				GCC_WARN_UNDECLARED_SELECTOR = YES;
				GCC_WARN_UNINITIALIZED_AUTOS = YES_AGGRESSIVE;
				GCC_WARN_UNUSED_FUNCTION = YES;
				GCC_WARN_UNUSED_VARIABLE = YES;
				IPHONEOS_DEPLOYMENT_TARGET = 9.2;
				MTL_ENABLE_DEBUG_INFO = NO;
				SDKROOT = iphoneos;
				VALIDATE_PRODUCT = YES;
			};
			name = Release;
		};
		BCF5C4EA1D1BE1D2001FDA6F /* Debug */ = {
			isa = XCBuildConfiguration;
			buildSettings = {
				ASSETCATALOG_COMPILER_APPICON_NAME = AppIcon;
				INFOPLIST_FILE = HelloWorld/Info.plist;
				LD_RUNPATH_SEARCH_PATHS = "$(inherited) @executable_path/Frameworks";
				PRODUCT_BUNDLE_IDENTIFIER = com.pioneer.HelloWorld;
				PRODUCT_NAME = "$(TARGET_NAME)";
			};
			name = Debug;
		};
		BCF5C4EB1D1BE1D2001FDA6F /* Release */ = {
			isa = XCBuildConfiguration;
			buildSettings = {
				ASSETCATALOG_COMPILER_APPICON_NAME = AppIcon;
				INFOPLIST_FILE = HelloWorld/Info.plist;
				LD_RUNPATH_SEARCH_PATHS = "$(inherited) @executable_path/Frameworks";
				PRODUCT_BUNDLE_IDENTIFIER = com.pioneer.HelloWorld;
				PRODUCT_NAME = "$(TARGET_NAME)";
			};
			name = Release;
		};
/* End XCBuildConfiguration section */

/* Begin XCConfigurationList section */
		BCF5C4CD1D1BE1D2001FDA6F /* Build configuration list for PBXProject "HelloWorld" */ = {
			isa = XCConfigurationList;
			buildConfigurations = (
				BCF5C4E71D1BE1D2001FDA6F /* Debug */,
				BCF5C4E81D1BE1D2001FDA6F /* Release */,
			);
			defaultConfigurationIsVisible = 0;
			defaultConfigurationName = Release;
		};
		BCF5C4E91D1BE1D2001FDA6F /* Build configuration list for PBXNativeTarget "HelloWorld" */ = {
			isa = XCConfigurationList;
			buildConfigurations = (
				BCF5C4EA1D1BE1D2001FDA6F /* Debug */,
				BCF5C4EB1D1BE1D2001FDA6F /* Release */,
			);
			defaultConfigurationIsVisible = 0;
		};
/* End XCConfigurationList section */
	};
	rootObject = BCF5C4CA1D1BE1D2001FDA6F /* Project object */;
}
